
Microsoft Visual Studio Solution File, Format Version 12.00
# Visual Studio Version 16
VisualStudioVersion = 16.0.32228.343
MinimumVisualStudioVersion = 10.0.40219.1
Project("{FAE04EC0-301F-11D3-BF4B-00C04F79EFBC}") = "Rock Paper Scissor Extra Credit", "Rock Paper Scissor Extra Credit.csproj", "{44C49817-A8E3-4C2F-86B8-7AC483527BB6}"
EndProject
Global
	GlobalSection(SolutionConfigurationPlatforms) = preSolution
		Debug|Any CPU = Debug|Any CPU
		Release|Any CPU = Release|Any CPU
	EndGlobalSection
	GlobalSection(ProjectConfigurationPlatforms) = postSolution
		{44C49817-A8E3-4C2F-86B8-7AC483527BB6}.Debug|Any CPU.ActiveCfg = Debug|Any CPU
		{44C49817-A8E3-4C2F-86B8-7AC483527BB6}.Debug|Any CPU.Build.0 = Debug|Any CPU
		{44C49817-A8E3-4C2F-86B8-7AC483527BB6}.Release|Any CPU.ActiveCfg = Release|Any CPU
		{44C49817-A8E3-4C2F-86B8-7AC483527BB6}.Release|Any CPU.Build.0 = Release|Any CPU
	EndGlobalSection
	GlobalSection(SolutionProperties) = preSolution
		HideSolutionNode = FALSE
	EndGlobalSection
	GlobalSection(ExtensibilityGlobals) = postSolution
		SolutionGuid = {4CA3769D-4365-42FC-B154-67D1BD35D043}
	EndGlobalSection
EndGlobal
